
Microsoft Visual Studio Solution File, Format Version 12.00
# Visual Studio Version 17
VisualStudioVersion = 17.9.34310.174
MinimumVisualStudioVersion = 10.0.40219.1
Project("{9A19103F-16F7-4668-BE54-9A1E7A4F7556}") = "PathOfExileStarter.Domain", "PathOfExileStarter.Domain\PathOfExileStarter.Domain.csproj", "{89D9F4B0-0C29-4FA8-9FE6-A47BD384B114}"
EndProject
Project("{9A19103F-16F7-4668-BE54-9A1E7A4F7556}") = "PathOfExileStarter.ConsoleApp", "PathOfExileStarter.ConsoleApp\PathOfExileStarter.ConsoleApp.csproj", "{95E10390-F44D-415B-BD98-9E1518ED6894}"
EndProject
Project("{9092AA53-FB77-4645-B42D-1CCCA6BD08BD}") = "PathOfExileStarter.Backend.RedirectionHandler", "PathOfExileStarter.Backend\PathOfExileStarter.Backend.RedirectionHandler\PathOfExileStarter.Backend.RedirectionHandler.njsproj", "{93A99353-34B5-47FA-87C9-63D274E18909}"
EndProject
Global
	GlobalSection(SolutionConfigurationPlatforms) = preSolution
		Debug|Any CPU = Debug|Any CPU
		Release|Any CPU = Release|Any CPU
	EndGlobalSection
	GlobalSection(ProjectConfigurationPlatforms) = postSolution
		{89D9F4B0-0C29-4FA8-9FE6-A47BD384B114}.Debug|Any CPU.ActiveCfg = Debug|Any CPU
		{89D9F4B0-0C29-4FA8-9FE6-A47BD384B114}.Debug|Any CPU.Build.0 = Debug|Any CPU
		{89D9F4B0-0C29-4FA8-9FE6-A47BD384B114}.Release|Any CPU.ActiveCfg = Release|Any CPU
		{89D9F4B0-0C29-4FA8-9FE6-A47BD384B114}.Release|Any CPU.Build.0 = Release|Any CPU
		{95E10390-F44D-415B-BD98-9E1518ED6894}.Debug|Any CPU.ActiveCfg = Debug|Any CPU
		{95E10390-F44D-415B-BD98-9E1518ED6894}.Debug|Any CPU.Build.0 = Debug|Any CPU
		{95E10390-F44D-415B-BD98-9E1518ED6894}.Release|Any CPU.ActiveCfg = Release|Any CPU
		{95E10390-F44D-415B-BD98-9E1518ED6894}.Release|Any CPU.Build.0 = Release|Any CPU
		{93A99353-34B5-47FA-87C9-63D274E18909}.Debug|Any CPU.ActiveCfg = Debug|Any CPU
		{93A99353-34B5-47FA-87C9-63D274E18909}.Debug|Any CPU.Build.0 = Debug|Any CPU
		{93A99353-34B5-47FA-87C9-63D274E18909}.Release|Any CPU.ActiveCfg = Release|Any CPU
		{93A99353-34B5-47FA-87C9-63D274E18909}.Release|Any CPU.Build.0 = Release|Any CPU
	EndGlobalSection
	GlobalSection(SolutionProperties) = preSolution
		HideSolutionNode = FALSE
	EndGlobalSection
	GlobalSection(ExtensibilityGlobals) = postSolution
		SolutionGuid = {E872E3E8-E7F2-40AC-9B56-1C2A7C73D312}
	EndGlobalSection
EndGlobal
